
Microsoft Visual Studio Solution File, Format Version 12.00
# Visual Studio Version 17
VisualStudioVersion = 17.3.32922.545
MinimumVisualStudioVersion = 10.0.40219.1
Project("{FAE04EC0-301F-11D3-BF4B-00C04F79EFBC}") = "bai1.lab1a.btltbuoi2", "bai1.lab1a.btltbuoi2\bai1.lab1a.btltbuoi2.csproj", "{931A8C43-85B9-426B-9C5F-109305D18902}"
EndProject
Project("{2150E333-8FDC-42A3-9474-1A3956D46DE8}") = "NewFolder1", "NewFolder1", "{8798A0D2-5432-49EB-9E43-19326D796750}"
EndProject
Global
	GlobalSection(SolutionConfigurationPlatforms) = preSolution
		Debug|Any CPU = Debug|Any CPU
		Release|Any CPU = Release|Any CPU
	EndGlobalSection
	GlobalSection(ProjectConfigurationPlatforms) = postSolution
		{931A8C43-85B9-426B-9C5F-109305D18902}.Debug|Any CPU.ActiveCfg = Debug|Any CPU
		{931A8C43-85B9-426B-9C5F-109305D18902}.Debug|Any CPU.Build.0 = Debug|Any CPU
		{931A8C43-85B9-426B-9C5F-109305D18902}.Release|Any CPU.ActiveCfg = Release|Any CPU
		{931A8C43-85B9-426B-9C5F-109305D18902}.Release|Any CPU.Build.0 = Release|Any CPU
	EndGlobalSection
	GlobalSection(SolutionProperties) = preSolution
		HideSolutionNode = FALSE
	EndGlobalSection
	GlobalSection(ExtensibilityGlobals) = postSolution
		SolutionGuid = {D3954466-7547-422B-AF02-E4177A982678}
	EndGlobalSection
EndGlobal
